
Microsoft Visual Studio Solution File, Format Version 12.00
# Visual Studio Version 17
VisualStudioVersion = 17.4.33110.190
MinimumVisualStudioVersion = 10.0.40219.1
Project("{FAE04EC0-301F-11D3-BF4B-00C04F79EFBC}") = "Starfall", "Starfall\Starfall.csproj", "{3A229105-A007-408C-B273-37C253E00C8E}"
EndProject
Global
	GlobalSection(SolutionConfigurationPlatforms) = preSolution
		Debug|Any CPU = Debug|Any CPU
		Release|Any CPU = Release|Any CPU
	EndGlobalSection
	GlobalSection(ProjectConfigurationPlatforms) = postSolution
		{3A229105-A007-408C-B273-37C253E00C8E}.Debug|Any CPU.ActiveCfg = Debug|Any CPU
		{3A229105-A007-408C-B273-37C253E00C8E}.Debug|Any CPU.Build.0 = Debug|Any CPU
		{3A229105-A007-408C-B273-37C253E00C8E}.Release|Any CPU.ActiveCfg = Release|Any CPU
		{3A229105-A007-408C-B273-37C253E00C8E}.Release|Any CPU.Build.0 = Release|Any CPU
	EndGlobalSection
	GlobalSection(SolutionProperties) = preSolution
		HideSolutionNode = FALSE
	EndGlobalSection
	GlobalSection(ExtensibilityGlobals) = postSolution
		SolutionGuid = {9C1725F5-15CB-4012-A0B4-04147B6952B9}
	EndGlobalSection
EndGlobal
